// !$*UTF8*$!
{
	archiveVersion = 1;
	classes = {
	};
	objectVersion = 46;
	objects = {

/* Begin PBXBuildFile section */
		101B6FC21F1D457B0082B680 /* AppDelegate.swift in Sources */ = {isa = PBXBuildFile; fileRef = 101B6FC11F1D457B0082B680 /* AppDelegate.swift */; };
		101B6FC41F1D457B0082B680 /* LoginViewController.swift in Sources */ = {isa = PBXBuildFile; fileRef = 101B6FC31F1D457B0082B680 /* LoginViewController.swift */; };
		101B6FC71F1D457B0082B680 /* Main.storyboard in Resources */ = {isa = PBXBuildFile; fileRef = 101B6FC51F1D457B0082B680 /* Main.storyboard */; };
		101B6FC91F1D457B0082B680 /* Assets.xcassets in Resources */ = {isa = PBXBuildFile; fileRef = 101B6FC81F1D457B0082B680 /* Assets.xcassets */; };
		101B6FCC1F1D457B0082B680 /* LaunchScreen.storyboard in Resources */ = {isa = PBXBuildFile; fileRef = 101B6FCA1F1D457B0082B680 /* LaunchScreen.storyboard */; };
		10C0CEA21F1FFFB800911A01 /* ImageViewExtension.swift in Sources */ = {isa = PBXBuildFile; fileRef = 10C0CEA11F1FFFB800911A01 /* ImageViewExtension.swift */; };
		10C0CEA41F20037B00911A01 /* WebServiceManager.swift in Sources */ = {isa = PBXBuildFile; fileRef = 10C0CEA31F20037B00911A01 /* WebServiceManager.swift */; };
		10C0CEA61F20038E00911A01 /* WebServiceFactory.swift in Sources */ = {isa = PBXBuildFile; fileRef = 10C0CEA51F20038E00911A01 /* WebServiceFactory.swift */; };
		10C0CEA81F2004AF00911A01 /* LoginModel.swift in Sources */ = {isa = PBXBuildFile; fileRef = 10C0CEA71F2004AF00911A01 /* LoginModel.swift */; };
		10C0CEAA1F20104800911A01 /* Constants.swift in Sources */ = {isa = PBXBuildFile; fileRef = 10C0CEA91F20104800911A01 /* Constants.swift */; };
		10C0CEAC1F21347800911A01 /* CommonViewController.swift in Sources */ = {isa = PBXBuildFile; fileRef = 10C0CEAB1F21347800911A01 /* CommonViewController.swift */; };
		10C0CEAF1F2136BA00911A01 /* SVMenuOptionManager.swift in Sources */ = {isa = PBXBuildFile; fileRef = 10C0CEAD1F2136BA00911A01 /* SVMenuOptionManager.swift */; };
		10C0CEB01F2136BA00911A01 /* SVSlidingPanelViewController.swift in Sources */ = {isa = PBXBuildFile; fileRef = 10C0CEAE1F2136BA00911A01 /* SVSlidingPanelViewController.swift */; };
		10C0CEB21F21448000911A01 /* SignUpViewController.swift in Sources */ = {isa = PBXBuildFile; fileRef = 10C0CEB11F21448000911A01 /* SignUpViewController.swift */; };
		10C0CEDC1F21A0A200911A01 /* ChangePasswordViewController.swift in Sources */ = {isa = PBXBuildFile; fileRef = 10C0CEB31F21A0A200911A01 /* ChangePasswordViewController.swift */; };
		10C0CEDD1F21A0A200911A01 /* ChatGetMessageModel.swift in Sources */ = {isa = PBXBuildFile; fileRef = 10C0CEB41F21A0A200911A01 /* ChatGetMessageModel.swift */; };
		10C0CEDE1F21A0A200911A01 /* ChatTableViewCell.swift in Sources */ = {isa = PBXBuildFile; fileRef = 10C0CEB51F21A0A200911A01 /* ChatTableViewCell.swift */; };
		10C0CEDF1F21A0A200911A01 /* ChatViewController.swift in Sources */ = {isa = PBXBuildFile; fileRef = 10C0CEB61F21A0A200911A01 /* ChatViewController.swift */; };
		10C0CEE11F21A0A200911A01 /* FavoriteGetModel.swift in Sources */ = {isa = PBXBuildFile; fileRef = 10C0CEB81F21A0A200911A01 /* FavoriteGetModel.swift */; };
		10C0CEE21F21A0A200911A01 /* FavoriteViewController.swift in Sources */ = {isa = PBXBuildFile; fileRef = 10C0CEB91F21A0A200911A01 /* FavoriteViewController.swift */; };
		10C0CEE31F21A0A200911A01 /* Friend.swift in Sources */ = {isa = PBXBuildFile; fileRef = 10C0CEBA1F21A0A200911A01 /* Friend.swift */; };
		10C0CEE41F21A0A200911A01 /* FriendListModel.swift in Sources */ = {isa = PBXBuildFile; fileRef = 10C0CEBB1F21A0A200911A01 /* FriendListModel.swift */; };
		10C0CEE51F21A0A200911A01 /* FriendRequestListModel.swift in Sources */ = {isa = PBXBuildFile; fileRef = 10C0CEBC1F21A0A200911A01 /* FriendRequestListModel.swift */; };
		10C0CEE61F21A0A200911A01 /* FriendRequestTableViewCell.swift in Sources */ = {isa = PBXBuildFile; fileRef = 10C0CEBD1F21A0A200911A01 /* FriendRequestTableViewCell.swift */; };
		10C0CEE71F21A0A200911A01 /* FriendViewController.swift in Sources */ = {isa = PBXBuildFile; fileRef = 10C0CEBE1F21A0A200911A01 /* FriendViewController.swift */; };
		10C0CEE81F21A0A200911A01 /* HomeViewController.swift in Sources */ = {isa = PBXBuildFile; fileRef = 10C0CEBF1F21A0A200911A01 /* HomeViewController.swift */; };
		10C0CEEA1F21A0A200911A01 /* LeftMenuHeaderView.swift in Sources */ = {isa = PBXBuildFile; fileRef = 10C0CEC11F21A0A200911A01 /* LeftMenuHeaderView.swift */; };
		10C0CEEB1F21A0A200911A01 /* LeftMenuTableViewCell.swift in Sources */ = {isa = PBXBuildFile; fileRef = 10C0CEC21F21A0A200911A01 /* LeftMenuTableViewCell.swift */; };
		10C0CEEC1F21A0A200911A01 /* LeftMenuTableViewController.swift in Sources */ = {isa = PBXBuildFile; fileRef = 10C0CEC31F21A0A200911A01 /* LeftMenuTableViewController.swift */; };
		10C0CEED1F21A0A200911A01 /* Message.swift in Sources */ = {isa = PBXBuildFile; fileRef = 10C0CEC41F21A0A200911A01 /* Message.swift */; };
		10C0CEEE1F21A0A200911A01 /* PointsTabbarViewController.swift in Sources */ = {isa = PBXBuildFile; fileRef = 10C0CEC51F21A0A200911A01 /* PointsTabbarViewController.swift */; };
		10C0CEEF1F21A0A200911A01 /* PointTable.swift in Sources */ = {isa = PBXBuildFile; fileRef = 10C0CEC61F21A0A200911A01 /* PointTable.swift */; };
		10C0CEF01F21A0A200911A01 /* PointTableViewCell.swift in Sources */ = {isa = PBXBuildFile; fileRef = 10C0CEC71F21A0A200911A01 /* PointTableViewCell.swift */; };
		10C0CEF11F21A0A200911A01 /* PointTableViewCell.xib in Resources */ = {isa = PBXBuildFile; fileRef = 10C0CEC81F21A0A200911A01 /* PointTableViewCell.xib */; };
		10C0CEF21F21A0A200911A01 /* PointViewController.swift in Sources */ = {isa = PBXBuildFile; fileRef = 10C0CEC91F21A0A200911A01 /* PointViewController.swift */; };
		10C0CEF31F21A0A200911A01 /* ProgressCollectionViewCell.swift in Sources */ = {isa = PBXBuildFile; fileRef = 10C0CECA1F21A0A200911A01 /* ProgressCollectionViewCell.swift */; };
		10C0CEF41F21A0A200911A01 /* ProgressModel.swift in Sources */ = {isa = PBXBuildFile; fileRef = 10C0CECB1F21A0A200911A01 /* ProgressModel.swift */; };
		10C0CEF51F21A0A200911A01 /* ProgressView.swift in Sources */ = {isa = PBXBuildFile; fileRef = 10C0CECC1F21A0A200911A01 /* ProgressView.swift */; };
		10C0CEF61F21A0A200911A01 /* RecentDeedModel.swift in Sources */ = {isa = PBXBuildFile; fileRef = 10C0CECD1F21A0A200911A01 /* RecentDeedModel.swift */; };
		10C0CEF71F21A0A200911A01 /* RecentViewController.swift in Sources */ = {isa = PBXBuildFile; fileRef = 10C0CECE1F21A0A200911A01 /* RecentViewController.swift */; };
		10C0CEF81F21A0A200911A01 /* ReportViewController.swift in Sources */ = {isa = PBXBuildFile; fileRef = 10C0CECF1F21A0A200911A01 /* ReportViewController.swift */; };
		10C0CEF91F21A0A200911A01 /* Request.swift in Sources */ = {isa = PBXBuildFile; fileRef = 10C0CED01F21A0A200911A01 /* Request.swift */; };
		10C0CEFA1F21A0A200911A01 /* ScoreViewController.swift in Sources */ = {isa = PBXBuildFile; fileRef = 10C0CED11F21A0A200911A01 /* ScoreViewController.swift */; };
		10C0CEFB1F21A0A200911A01 /* SettingViewController.swift in Sources */ = {isa = PBXBuildFile; fileRef = 10C0CED21F21A0A200911A01 /* SettingViewController.swift */; };
		10C0CEFD1F21A0A200911A01 /* String+AES.swift in Sources */ = {isa = PBXBuildFile; fileRef = 10C0CED41F21A0A200911A01 /* String+AES.swift */; };
		10C0CEFE1F21A0A200911A01 /* TasksList.swift in Sources */ = {isa = PBXBuildFile; fileRef = 10C0CED51F21A0A200911A01 /* TasksList.swift */; };
		10C0CF0A1F21A75F00911A01 /* xPower.xcdatamodeld in Sources */ = {isa = PBXBuildFile; fileRef = 10C0CF071F21A75F00911A01 /* xPower.xcdatamodeld */; };
		10C0CF161F22422700911A01 /* KeychainWrapper.m in Sources */ = {isa = PBXBuildFile; fileRef = 10C0CF151F22422700911A01 /* KeychainWrapper.m */; };
		3D2FFE460BFB6C28C20449CC /* Pods_xPower.framework in Frameworks */ = {isa = PBXBuildFile; fileRef = 0BD38B51BF39A63186F559C5 /* Pods_xPower.framework */; };
/* End PBXBuildFile section */

/* Begin PBXFileReference section */
		01C5020DDE26E913C23B60F4 /* Pods-xPower.release.xcconfig */ = {isa = PBXFileReference; includeInIndex = 1; lastKnownFileType = text.xcconfig; name = "Pods-xPower.release.xcconfig"; path = "Pods/Target Support Files/Pods-xPower/Pods-xPower.release.xcconfig"; sourceTree = "<group>"; };
		0BD38B51BF39A63186F559C5 /* Pods_xPower.framework */ = {isa = PBXFileReference; explicitFileType = wrapper.framework; includeInIndex = 0; path = Pods_xPower.framework; sourceTree = BUILT_PRODUCTS_DIR; };
		101B6FBE1F1D457B0082B680 /* xPower.app */ = {isa = PBXFileReference; explicitFileType = wrapper.application; includeInIndex = 0; path = xPower.app; sourceTree = BUILT_PRODUCTS_DIR; };
		101B6FC11F1D457B0082B680 /* AppDelegate.swift */ = {isa = PBXFileReference; lastKnownFileType = sourcecode.swift; path = AppDelegate.swift; sourceTree = "<group>"; };
		101B6FC31F1D457B0082B680 /* LoginViewController.swift */ = {isa = PBXFileReference; lastKnownFileType = sourcecode.swift; path = LoginViewController.swift; sourceTree = "<group>"; };
		101B6FC61F1D457B0082B680 /* Base */ = {isa = PBXFileReference; lastKnownFileType = file.storyboard; name = Base; path = Base.lproj/Main.storyboard; sourceTree = "<group>"; };
		101B6FC81F1D457B0082B680 /* Assets.xcassets */ = {isa = PBXFileReference; lastKnownFileType = folder.assetcatalog; path = Assets.xcassets; sourceTree = "<group>"; };
		101B6FCB1F1D457B0082B680 /* Base */ = {isa = PBXFileReference; lastKnownFileType = file.storyboard; name = Base; path = Base.lproj/LaunchScreen.storyboard; sourceTree = "<group>"; };
		101B6FCD1F1D457B0082B680 /* Info.plist */ = {isa = PBXFileReference; lastKnownFileType = text.plist.xml; path = Info.plist; sourceTree = "<group>"; };
		10C0CEA11F1FFFB800911A01 /* ImageViewExtension.swift */ = {isa = PBXFileReference; fileEncoding = 4; lastKnownFileType = sourcecode.swift; name = ImageViewExtension.swift; path = xPower/ImageViewExtension.swift; sourceTree = "<group>"; };
		10C0CEA31F20037B00911A01 /* WebServiceManager.swift */ = {isa = PBXFileReference; fileEncoding = 4; lastKnownFileType = sourcecode.swift; name = WebServiceManager.swift; path = xPower/WebServiceManager.swift; sourceTree = "<group>"; };
		10C0CEA51F20038E00911A01 /* WebServiceFactory.swift */ = {isa = PBXFileReference; fileEncoding = 4; lastKnownFileType = sourcecode.swift; name = WebServiceFactory.swift; path = xPower/WebServiceFactory.swift; sourceTree = "<group>"; };
		10C0CEA71F2004AF00911A01 /* LoginModel.swift */ = {isa = PBXFileReference; fileEncoding = 4; lastKnownFileType = sourcecode.swift; name = LoginModel.swift; path = xPower/LoginModel.swift; sourceTree = "<group>"; };
		10C0CEA91F20104800911A01 /* Constants.swift */ = {isa = PBXFileReference; fileEncoding = 4; lastKnownFileType = sourcecode.swift; name = Constants.swift; path = xPower/Constants.swift; sourceTree = "<group>"; };
		10C0CEAB1F21347800911A01 /* CommonViewController.swift */ = {isa = PBXFileReference; fileEncoding = 4; lastKnownFileType = sourcecode.swift; name = CommonViewController.swift; path = xPower/CommonViewController.swift; sourceTree = "<group>"; };
		10C0CEAD1F2136BA00911A01 /* SVMenuOptionManager.swift */ = {isa = PBXFileReference; fileEncoding = 4; lastKnownFileType = sourcecode.swift; name = SVMenuOptionManager.swift; path = xPower/SVMenuOptionManager.swift; sourceTree = "<group>"; };
		10C0CEAE1F2136BA00911A01 /* SVSlidingPanelViewController.swift */ = {isa = PBXFileReference; fileEncoding = 4; lastKnownFileType = sourcecode.swift; name = SVSlidingPanelViewController.swift; path = xPower/SVSlidingPanelViewController.swift; sourceTree = "<group>"; };
		10C0CEB11F21448000911A01 /* SignUpViewController.swift */ = {isa = PBXFileReference; fileEncoding = 4; lastKnownFileType = sourcecode.swift; name = SignUpViewController.swift; path = xPower/SignUpViewController.swift; sourceTree = "<group>"; };
		10C0CEB31F21A0A200911A01 /* ChangePasswordViewController.swift */ = {isa = PBXFileReference; fileEncoding = 4; lastKnownFileType = sourcecode.swift; name = ChangePasswordViewController.swift; path = xPower/ChangePasswordViewController.swift; sourceTree = "<group>"; };
		10C0CEB41F21A0A200911A01 /* ChatGetMessageModel.swift */ = {isa = PBXFileReference; fileEncoding = 4; lastKnownFileType = sourcecode.swift; name = ChatGetMessageModel.swift; path = xPower/ChatGetMessageModel.swift; sourceTree = "<group>"; };
		10C0CEB51F21A0A200911A01 /* ChatTableViewCell.swift */ = {isa = PBXFileReference; fileEncoding = 4; lastKnownFileType = sourcecode.swift; name = ChatTableViewCell.swift; path = xPower/ChatTableViewCell.swift; sourceTree = "<group>"; };
		10C0CEB61F21A0A200911A01 /* ChatViewController.swift */ = {isa = PBXFileReference; fileEncoding = 4; lastKnownFileType = sourcecode.swift; name = ChatViewController.swift; path = xPower/ChatViewController.swift; sourceTree = "<group>"; };
		10C0CEB81F21A0A200911A01 /* FavoriteGetModel.swift */ = {isa = PBXFileReference; fileEncoding = 4; lastKnownFileType = sourcecode.swift; name = FavoriteGetModel.swift; path = xPower/FavoriteGetModel.swift; sourceTree = "<group>"; };
		10C0CEB91F21A0A200911A01 /* FavoriteViewController.swift */ = {isa = PBXFileReference; fileEncoding = 4; lastKnownFileType = sourcecode.swift; name = FavoriteViewController.swift; path = xPower/FavoriteViewController.swift; sourceTree = "<group>"; };
		10C0CEBA1F21A0A200911A01 /* Friend.swift */ = {isa = PBXFileReference; fileEncoding = 4; lastKnownFileType = sourcecode.swift; name = Friend.swift; path = xPower/Friend.swift; sourceTree = "<group>"; };
		10C0CEBB1F21A0A200911A01 /* FriendListModel.swift */ = {isa = PBXFileReference; fileEncoding = 4; lastKnownFileType = sourcecode.swift; name = FriendListModel.swift; path = xPower/FriendListModel.swift; sourceTree = "<group>"; };
		10C0CEBC1F21A0A200911A01 /* FriendRequestListModel.swift */ = {isa = PBXFileReference; fileEncoding = 4; lastKnownFileType = sourcecode.swift; name = FriendRequestListModel.swift; path = xPower/FriendRequestListModel.swift; sourceTree = "<group>"; };
		10C0CEBD1F21A0A200911A01 /* FriendRequestTableViewCell.swift */ = {isa = PBXFileReference; fileEncoding = 4; lastKnownFileType = sourcecode.swift; name = FriendRequestTableViewCell.swift; path = xPower/FriendRequestTableViewCell.swift; sourceTree = "<group>"; };
		10C0CEBE1F21A0A200911A01 /* FriendViewController.swift */ = {isa = PBXFileReference; fileEncoding = 4; lastKnownFileType = sourcecode.swift; name = FriendViewController.swift; path = xPower/FriendViewController.swift; sourceTree = "<group>"; };
		10C0CEBF1F21A0A200911A01 /* HomeViewController.swift */ = {isa = PBXFileReference; fileEncoding = 4; lastKnownFileType = sourcecode.swift; name = HomeViewController.swift; path = xPower/HomeViewController.swift; sourceTree = "<group>"; };
		10C0CEC11F21A0A200911A01 /* LeftMenuHeaderView.swift */ = {isa = PBXFileReference; fileEncoding = 4; lastKnownFileType = sourcecode.swift; name = LeftMenuHeaderView.swift; path = xPower/LeftMenuHeaderView.swift; sourceTree = "<group>"; };
		10C0CEC21F21A0A200911A01 /* LeftMenuTableViewCell.swift */ = {isa = PBXFileReference; fileEncoding = 4; lastKnownFileType = sourcecode.swift; name = LeftMenuTableViewCell.swift; path = xPower/LeftMenuTableViewCell.swift; sourceTree = "<group>"; };
		10C0CEC31F21A0A200911A01 /* LeftMenuTableViewController.swift */ = {isa = PBXFileReference; fileEncoding = 4; lastKnownFileType = sourcecode.swift; name = LeftMenuTableViewController.swift; path = xPower/LeftMenuTableViewController.swift; sourceTree = "<group>"; };
		10C0CEC41F21A0A200911A01 /* Message.swift */ = {isa = PBXFileReference; fileEncoding = 4; lastKnownFileType = sourcecode.swift; name = Message.swift; path = xPower/Message.swift; sourceTree = "<group>"; };
		10C0CEC51F21A0A200911A01 /* PointsTabbarViewController.swift */ = {isa = PBXFileReference; fileEncoding = 4; lastKnownFileType = sourcecode.swift; name = PointsTabbarViewController.swift; path = xPower/PointsTabbarViewController.swift; sourceTree = "<group>"; };
		10C0CEC61F21A0A200911A01 /* PointTable.swift */ = {isa = PBXFileReference; fileEncoding = 4; lastKnownFileType = sourcecode.swift; name = PointTable.swift; path = xPower/PointTable.swift; sourceTree = "<group>"; };
		10C0CEC71F21A0A200911A01 /* PointTableViewCell.swift */ = {isa = PBXFileReference; fileEncoding = 4; lastKnownFileType = sourcecode.swift; name = PointTableViewCell.swift; path = xPower/PointTableViewCell.swift; sourceTree = "<group>"; };
		10C0CEC81F21A0A200911A01 /* PointTableViewCell.xib */ = {isa = PBXFileReference; fileEncoding = 4; lastKnownFileType = file.xib; name = PointTableViewCell.xib; path = xPower/PointTableViewCell.xib; sourceTree = "<group>"; };
		10C0CEC91F21A0A200911A01 /* PointViewController.swift */ = {isa = PBXFileReference; fileEncoding = 4; lastKnownFileType = sourcecode.swift; name = PointViewController.swift; path = xPower/PointViewController.swift; sourceTree = "<group>"; };
		10C0CECA1F21A0A200911A01 /* ProgressCollectionViewCell.swift */ = {isa = PBXFileReference; fileEncoding = 4; lastKnownFileType = sourcecode.swift; name = ProgressCollectionViewCell.swift; path = xPower/ProgressCollectionViewCell.swift; sourceTree = "<group>"; };
		10C0CECB1F21A0A200911A01 /* ProgressModel.swift */ = {isa = PBXFileReference; fileEncoding = 4; lastKnownFileType = sourcecode.swift; name = ProgressModel.swift; path = xPower/ProgressModel.swift; sourceTree = "<group>"; };
		10C0CECC1F21A0A200911A01 /* ProgressView.swift */ = {isa = PBXFileReference; fileEncoding = 4; lastKnownFileType = sourcecode.swift; name = ProgressView.swift; path = xPower/ProgressView.swift; sourceTree = "<group>"; };
		10C0CECD1F21A0A200911A01 /* RecentDeedModel.swift */ = {isa = PBXFileReference; fileEncoding = 4; lastKnownFileType = sourcecode.swift; name = RecentDeedModel.swift; path = xPower/RecentDeedModel.swift; sourceTree = "<group>"; };
		10C0CECE1F21A0A200911A01 /* RecentViewController.swift */ = {isa = PBXFileReference; fileEncoding = 4; lastKnownFileType = sourcecode.swift; name = RecentViewController.swift; path = xPower/RecentViewController.swift; sourceTree = "<group>"; };
		10C0CECF1F21A0A200911A01 /* ReportViewController.swift */ = {isa = PBXFileReference; fileEncoding = 4; lastKnownFileType = sourcecode.swift; name = ReportViewController.swift; path = xPower/ReportViewController.swift; sourceTree = "<group>"; };
		10C0CED01F21A0A200911A01 /* Request.swift */ = {isa = PBXFileReference; fileEncoding = 4; lastKnownFileType = sourcecode.swift; name = Request.swift; path = xPower/Request.swift; sourceTree = "<group>"; };
		10C0CED11F21A0A200911A01 /* ScoreViewController.swift */ = {isa = PBXFileReference; fileEncoding = 4; lastKnownFileType = sourcecode.swift; name = ScoreViewController.swift; path = xPower/ScoreViewController.swift; sourceTree = "<group>"; };
		10C0CED21F21A0A200911A01 /* SettingViewController.swift */ = {isa = PBXFileReference; fileEncoding = 4; lastKnownFileType = sourcecode.swift; name = SettingViewController.swift; path = xPower/SettingViewController.swift; sourceTree = "<group>"; };
		10C0CED41F21A0A200911A01 /* String+AES.swift */ = {isa = PBXFileReference; fileEncoding = 4; lastKnownFileType = sourcecode.swift; name = "String+AES.swift"; path = "xPower/String+AES.swift"; sourceTree = "<group>"; };
		10C0CED51F21A0A200911A01 /* TasksList.swift */ = {isa = PBXFileReference; fileEncoding = 4; lastKnownFileType = sourcecode.swift; name = TasksList.swift; path = xPower/TasksList.swift; sourceTree = "<group>"; };
		10C0CF081F21A75F00911A01 /* xPower.xcdatamodel */ = {isa = PBXFileReference; lastKnownFileType = wrapper.xcdatamodel; path = xPower.xcdatamodel; sourceTree = "<group>"; };
		10C0CF0B1F21B3ED00911A01 /* xPower.entitlements */ = {isa = PBXFileReference; lastKnownFileType = text.plist.entitlements; path = xPower.entitlements; sourceTree = "<group>"; };
		10C0CF131F22422600911A01 /* xPower-Bridging-Header.h */ = {isa = PBXFileReference; lastKnownFileType = sourcecode.c.h; path = "xPower-Bridging-Header.h"; sourceTree = "<group>"; };
		10C0CF141F22422700911A01 /* KeychainWrapper.h */ = {isa = PBXFileReference; fileEncoding = 4; lastKnownFileType = sourcecode.c.h; name = KeychainWrapper.h; path = xPower/KeychainWrapper.h; sourceTree = "<group>"; };
		10C0CF151F22422700911A01 /* KeychainWrapper.m */ = {isa = PBXFileReference; fileEncoding = 4; lastKnownFileType = sourcecode.c.objc; name = KeychainWrapper.m; path = xPower/KeychainWrapper.m; sourceTree = "<group>"; };
		A1F0571ABCC34DAB654C757C /* Pods-xPower.debug.xcconfig */ = {isa = PBXFileReference; includeInIndex = 1; lastKnownFileType = text.xcconfig; name = "Pods-xPower.debug.xcconfig"; path = "Pods/Target Support Files/Pods-xPower/Pods-xPower.debug.xcconfig"; sourceTree = "<group>"; };
/* End PBXFileReference section */

/* Begin PBXFrameworksBuildPhase section */
		101B6FBB1F1D457B0082B680 /* Frameworks */ = {
			isa = PBXFrameworksBuildPhase;
			buildActionMask = 2147483647;
			files = (
				3D2FFE460BFB6C28C20449CC /* Pods_xPower.framework in Frameworks */,
			);
			runOnlyForDeploymentPostprocessing = 0;
		};
/* End PBXFrameworksBuildPhase section */

/* Begin PBXGroup section */
		101B6FB51F1D457B0082B680 = {
			isa = PBXGroup;
			children = (
				10C0CF141F22422700911A01 /* KeychainWrapper.h */,
				10C0CF151F22422700911A01 /* KeychainWrapper.m */,
				10C0CF071F21A75F00911A01 /* xPower.xcdatamodeld */,
				10C0CEB31F21A0A200911A01 /* ChangePasswordViewController.swift */,
				10C0CEB41F21A0A200911A01 /* ChatGetMessageModel.swift */,
				10C0CEB51F21A0A200911A01 /* ChatTableViewCell.swift */,
				10C0CEB61F21A0A200911A01 /* ChatViewController.swift */,
				10C0CEB81F21A0A200911A01 /* FavoriteGetModel.swift */,
				10C0CEB91F21A0A200911A01 /* FavoriteViewController.swift */,
				10C0CEBA1F21A0A200911A01 /* Friend.swift */,
				10C0CEBB1F21A0A200911A01 /* FriendListModel.swift */,
				10C0CEBC1F21A0A200911A01 /* FriendRequestListModel.swift */,
				10C0CEBD1F21A0A200911A01 /* FriendRequestTableViewCell.swift */,
				10C0CEBE1F21A0A200911A01 /* FriendViewController.swift */,
				10C0CEBF1F21A0A200911A01 /* HomeViewController.swift */,
				10C0CEC11F21A0A200911A01 /* LeftMenuHeaderView.swift */,
				10C0CEC21F21A0A200911A01 /* LeftMenuTableViewCell.swift */,
				10C0CEC31F21A0A200911A01 /* LeftMenuTableViewController.swift */,
				10C0CEC41F21A0A200911A01 /* Message.swift */,
				10C0CEC51F21A0A200911A01 /* PointsTabbarViewController.swift */,
				10C0CEC61F21A0A200911A01 /* PointTable.swift */,
				10C0CEC71F21A0A200911A01 /* PointTableViewCell.swift */,
				10C0CEC81F21A0A200911A01 /* PointTableViewCell.xib */,
				10C0CEC91F21A0A200911A01 /* PointViewController.swift */,
				10C0CECA1F21A0A200911A01 /* ProgressCollectionViewCell.swift */,
				10C0CECB1F21A0A200911A01 /* ProgressModel.swift */,
				10C0CECC1F21A0A200911A01 /* ProgressView.swift */,
				10C0CECD1F21A0A200911A01 /* RecentDeedModel.swift */,
				10C0CECE1F21A0A200911A01 /* RecentViewController.swift */,
				10C0CECF1F21A0A200911A01 /* ReportViewController.swift */,
				10C0CED01F21A0A200911A01 /* Request.swift */,
				10C0CED11F21A0A200911A01 /* ScoreViewController.swift */,
				10C0CED21F21A0A200911A01 /* SettingViewController.swift */,
				10C0CED41F21A0A200911A01 /* String+AES.swift */,
				10C0CED51F21A0A200911A01 /* TasksList.swift */,
				10C0CEB11F21448000911A01 /* SignUpViewController.swift */,
				10C0CEAD1F2136BA00911A01 /* SVMenuOptionManager.swift */,
				10C0CEAE1F2136BA00911A01 /* SVSlidingPanelViewController.swift */,
				10C0CEAB1F21347800911A01 /* CommonViewController.swift */,
				10C0CEA91F20104800911A01 /* Constants.swift */,
				10C0CEA71F2004AF00911A01 /* LoginModel.swift */,
				10C0CEA51F20038E00911A01 /* WebServiceFactory.swift */,
				10C0CEA31F20037B00911A01 /* WebServiceManager.swift */,
				10C0CEA11F1FFFB800911A01 /* ImageViewExtension.swift */,
				101B6FC01F1D457B0082B680 /* xPower */,
				101B6FBF1F1D457B0082B680 /* Products */,
				3BAA4E707E98BFE17F4C8A8D /* Pods */,
				291D0490E5725D4803D46C61 /* Frameworks */,
				10C0CF131F22422600911A01 /* xPower-Bridging-Header.h */,
			);
			sourceTree = "<group>";
		};
		101B6FBF1F1D457B0082B680 /* Products */ = {
			isa = PBXGroup;
			children = (
				101B6FBE1F1D457B0082B680 /* xPower.app */,
			);
			name = Products;
			sourceTree = "<group>";
		};
		101B6FC01F1D457B0082B680 /* xPower */ = {
			isa = PBXGroup;
			children = (
				10C0CF0B1F21B3ED00911A01 /* xPower.entitlements */,
				101B6FC11F1D457B0082B680 /* AppDelegate.swift */,
				101B6FC31F1D457B0082B680 /* LoginViewController.swift */,
				101B6FC51F1D457B0082B680 /* Main.storyboard */,
				101B6FC81F1D457B0082B680 /* Assets.xcassets */,
				101B6FCA1F1D457B0082B680 /* LaunchScreen.storyboard */,
				101B6FCD1F1D457B0082B680 /* Info.plist */,
			);
			path = xPower;
			sourceTree = "<group>";
		};
		291D0490E5725D4803D46C61 /* Frameworks */ = {
			isa = PBXGroup;
			children = (
				0BD38B51BF39A63186F559C5 /* Pods_xPower.framework */,
			);
			name = Frameworks;
			sourceTree = "<group>";
		};
		3BAA4E707E98BFE17F4C8A8D /* Pods */ = {
			isa = PBXGroup;
			children = (
				A1F0571ABCC34DAB654C757C /* Pods-xPower.debug.xcconfig */,
				01C5020DDE26E913C23B60F4 /* Pods-xPower.release.xcconfig */,
			);
			name = Pods;
			sourceTree = "<group>";
		};
/* End PBXGroup section */

/* Begin PBXNativeTarget section */
		101B6FBD1F1D457B0082B680 /* xPower */ = {
			isa = PBXNativeTarget;
			buildConfigurationList = 101B6FD01F1D457B0082B680 /* Build configuration list for PBXNativeTarget "xPower" */;
			buildPhases = (
				69021480ECD8BA1C9A2B3BEF /* [CP] Check Pods Manifest.lock */,
				101B6FBA1F1D457B0082B680 /* Sources */,
				101B6FBB1F1D457B0082B680 /* Frameworks */,
				101B6FBC1F1D457B0082B680 /* Resources */,
				73C70E4C6EC0EE8EFF9B2815 /* [CP] Embed Pods Frameworks */,
				CA45CA3113425B9C97B1DB74 /* [CP] Copy Pods Resources */,
			);
			buildRules = (
			);
			dependencies = (
			);
			name = xPower;
			productName = xPower;
			productReference = 101B6FBE1F1D457B0082B680 /* xPower.app */;
			productType = "com.apple.product-type.application";
		};
/* End PBXNativeTarget section */

/* Begin PBXProject section */
		101B6FB61F1D457B0082B680 /* Project object */ = {
			isa = PBXProject;
			attributes = {
				LastSwiftUpdateCheck = 0830;
				LastUpgradeCheck = 0830;
				ORGANIZATIONNAME = "Software Merchant";
				TargetAttributes = {
					101B6FBD1F1D457B0082B680 = {
						CreatedOnToolsVersion = 8.3;
						DevelopmentTeam = ECH55NGWE4;
						LastSwiftMigration = 0830;
						ProvisioningStyle = Automatic;
						SystemCapabilities = {
							com.apple.Keychain = {
								enabled = 1;
							};
						};
					};
				};
			};
			buildConfigurationList = 101B6FB91F1D457B0082B680 /* Build configuration list for PBXProject "xPower" */;
			compatibilityVersion = "Xcode 3.2";
			developmentRegion = English;
			hasScannedForEncodings = 0;
			knownRegions = (
				en,
				Base,
			);
			mainGroup = 101B6FB51F1D457B0082B680;
			productRefGroup = 101B6FBF1F1D457B0082B680 /* Products */;
			projectDirPath = "";
			projectRoot = "";
			targets = (
				101B6FBD1F1D457B0082B680 /* xPower */,
			);
		};
/* End PBXProject section */

/* Begin PBXResourcesBuildPhase section */
		101B6FBC1F1D457B0082B680 /* Resources */ = {
			isa = PBXResourcesBuildPhase;
			buildActionMask = 2147483647;
			files = (
				10C0CEF11F21A0A200911A01 /* PointTableViewCell.xib in Resources */,
				101B6FCC1F1D457B0082B680 /* LaunchScreen.storyboard in Resources */,
				101B6FC91F1D457B0082B680 /* Assets.xcassets in Resources */,
				101B6FC71F1D457B0082B680 /* Main.storyboard in Resources */,
			);
			runOnlyForDeploymentPostprocessing = 0;
		};
/* End PBXResourcesBuildPhase section */

/* Begin PBXShellScriptBuildPhase section */
		69021480ECD8BA1C9A2B3BEF /* [CP] Check Pods Manifest.lock */ = {
			isa = PBXShellScriptBuildPhase;
			buildActionMask = 2147483647;
			files = (
			);
			inputPaths = (
			);
			name = "[CP] Check Pods Manifest.lock";
			outputPaths = (
			);
			runOnlyForDeploymentPostprocessing = 0;
			shellPath = /bin/sh;
			shellScript = "diff \"${PODS_PODFILE_DIR_PATH}/Podfile.lock\" \"${PODS_ROOT}/Manifest.lock\" > /dev/null\nif [ $? != 0 ] ; then\n    # print error to STDERR\n    echo \"error: The sandbox is not in sync with the Podfile.lock. Run 'pod install' or update your CocoaPods installation.\" >&2\n    exit 1\nfi\n";
			showEnvVarsInLog = 0;
		};
		73C70E4C6EC0EE8EFF9B2815 /* [CP] Embed Pods Frameworks */ = {
			isa = PBXShellScriptBuildPhase;
			buildActionMask = 2147483647;
			files = (
			);
			inputPaths = (
			);
			name = "[CP] Embed Pods Frameworks";
			outputPaths = (
			);
			runOnlyForDeploymentPostprocessing = 0;
			shellPath = /bin/sh;
			shellScript = "\"${SRCROOT}/Pods/Target Support Files/Pods-xPower/Pods-xPower-frameworks.sh\"\n";
			showEnvVarsInLog = 0;
		};
		CA45CA3113425B9C97B1DB74 /* [CP] Copy Pods Resources */ = {
			isa = PBXShellScriptBuildPhase;
			buildActionMask = 2147483647;
			files = (
			);
			inputPaths = (
			);
			name = "[CP] Copy Pods Resources";
			outputPaths = (
			);
			runOnlyForDeploymentPostprocessing = 0;
			shellPath = /bin/sh;
			shellScript = "\"${SRCROOT}/Pods/Target Support Files/Pods-xPower/Pods-xPower-resources.sh\"\n";
			showEnvVarsInLog = 0;
		};
/* End PBXShellScriptBuildPhase section */

/* Begin PBXSourcesBuildPhase section */
		101B6FBA1F1D457B0082B680 /* Sources */ = {
			isa = PBXSourcesBuildPhase;
			buildActionMask = 2147483647;
			files = (
				10C0CEF01F21A0A200911A01 /* PointTableViewCell.swift in Sources */,
				10C0CEB21F21448000911A01 /* SignUpViewController.swift in Sources */,
				10C0CEDD1F21A0A200911A01 /* ChatGetMessageModel.swift in Sources */,
				10C0CEA41F20037B00911A01 /* WebServiceManager.swift in Sources */,
				10C0CEA81F2004AF00911A01 /* LoginModel.swift in Sources */,
				10C0CEFB1F21A0A200911A01 /* SettingViewController.swift in Sources */,
				10C0CEED1F21A0A200911A01 /* Message.swift in Sources */,
				10C0CEE71F21A0A200911A01 /* FriendViewController.swift in Sources */,
				10C0CEE21F21A0A200911A01 /* FavoriteViewController.swift in Sources */,
				10C0CEEF1F21A0A200911A01 /* PointTable.swift in Sources */,
				101B6FC41F1D457B0082B680 /* LoginViewController.swift in Sources */,
				10C0CEA61F20038E00911A01 /* WebServiceFactory.swift in Sources */,
				10C0CEEA1F21A0A200911A01 /* LeftMenuHeaderView.swift in Sources */,
				10C0CEAA1F20104800911A01 /* Constants.swift in Sources */,
				10C0CEFA1F21A0A200911A01 /* ScoreViewController.swift in Sources */,
				10C0CEF81F21A0A200911A01 /* ReportViewController.swift in Sources */,
				10C0CEFD1F21A0A200911A01 /* String+AES.swift in Sources */,
				10C0CEE41F21A0A200911A01 /* FriendListModel.swift in Sources */,
				10C0CEF91F21A0A200911A01 /* Request.swift in Sources */,
				10C0CEEC1F21A0A200911A01 /* LeftMenuTableViewController.swift in Sources */,
				10C0CEF51F21A0A200911A01 /* ProgressView.swift in Sources */,
				10C0CEE81F21A0A200911A01 /* HomeViewController.swift in Sources */,
				10C0CEAF1F2136BA00911A01 /* SVMenuOptionManager.swift in Sources */,
				10C0CEAC1F21347800911A01 /* CommonViewController.swift in Sources */,
				10C0CEA21F1FFFB800911A01 /* ImageViewExtension.swift in Sources */,
				10C0CEF61F21A0A200911A01 /* RecentDeedModel.swift in Sources */,
				10C0CEF71F21A0A200911A01 /* RecentViewController.swift in Sources */,
				10C0CEEB1F21A0A200911A01 /* LeftMenuTableViewCell.swift in Sources */,
				10C0CEEE1F21A0A200911A01 /* PointsTabbarViewController.swift in Sources */,
				10C0CF161F22422700911A01 /* KeychainWrapper.m in Sources */,
				10C0CF0A1F21A75F00911A01 /* xPower.xcdatamodeld in Sources */,
				10C0CEDC1F21A0A200911A01 /* ChangePasswordViewController.swift in Sources */,
				10C0CEF41F21A0A200911A01 /* ProgressModel.swift in Sources */,
				10C0CEE31F21A0A200911A01 /* Friend.swift in Sources */,
				10C0CEDE1F21A0A200911A01 /* ChatTableViewCell.swift in Sources */,
				10C0CEE61F21A0A200911A01 /* FriendRequestTableViewCell.swift in Sources */,
				10C0CEF21F21A0A200911A01 /* PointViewController.swift in Sources */,
				101B6FC21F1D457B0082B680 /* AppDelegate.swift in Sources */,
				10C0CEDF1F21A0A200911A01 /* ChatViewController.swift in Sources */,
				10C0CEE11F21A0A200911A01 /* FavoriteGetModel.swift in Sources */,
				10C0CEE51F21A0A200911A01 /* FriendRequestListModel.swift in Sources */,
				10C0CEFE1F21A0A200911A01 /* TasksList.swift in Sources */,
				10C0CEF31F21A0A200911A01 /* ProgressCollectionViewCell.swift in Sources */,
				10C0CEB01F2136BA00911A01 /* SVSlidingPanelViewController.swift in Sources */,
			);
			runOnlyForDeploymentPostprocessing = 0;
		};
/* End PBXSourcesBuildPhase section */

/* Begin PBXVariantGroup section */
		101B6FC51F1D457B0082B680 /* Main.storyboard */ = {
			isa = PBXVariantGroup;
			children = (
				101B6FC61F1D457B0082B680 /* Base */,
			);
			name = Main.storyboard;
			sourceTree = "<group>";
		};
		101B6FCA1F1D457B0082B680 /* LaunchScreen.storyboard */ = {
			isa = PBXVariantGroup;
			children = (
				101B6FCB1F1D457B0082B680 /* Base */,
			);
			name = LaunchScreen.storyboard;
			sourceTree = "<group>";
		};
/* End PBXVariantGroup section */

/* Begin XCBuildConfiguration section */
		101B6FCE1F1D457B0082B680 /* Debug */ = {
			isa = XCBuildConfiguration;
			buildSettings = {
				ALWAYS_SEARCH_USER_PATHS = NO;
				CLANG_ANALYZER_NONNULL = YES;
				CLANG_ANALYZER_NUMBER_OBJECT_CONVERSION = YES_AGGRESSIVE;
				CLANG_CXX_LANGUAGE_STANDARD = "gnu++0x";
				CLANG_CXX_LIBRARY = "libc++";
				CLANG_ENABLE_MODULES = YES;
				CLANG_ENABLE_OBJC_ARC = YES;
				CLANG_WARN_BOOL_CONVERSION = YES;
				CLANG_WARN_CONSTANT_CONVERSION = YES;
				CLANG_WARN_DIRECT_OBJC_ISA_USAGE = YES_ERROR;
				CLANG_WARN_DOCUMENTATION_COMMENTS = YES;
				CLANG_WARN_EMPTY_BODY = YES;
				CLANG_WARN_ENUM_CONVERSION = YES;
				CLANG_WARN_INFINITE_RECURSION = YES;
				CLANG_WARN_INT_CONVERSION = YES;
				CLANG_WARN_OBJC_ROOT_CLASS = YES_ERROR;
				CLANG_WARN_SUSPICIOUS_MOVE = YES;
				CLANG_WARN_UNREACHABLE_CODE = YES;
				CLANG_WARN__DUPLICATE_METHOD_MATCH = YES;
				"CODE_SIGN_IDENTITY[sdk=iphoneos*]" = "iPhone Developer";
				COPY_PHASE_STRIP = NO;
				DEBUG_INFORMATION_FORMAT = dwarf;
				ENABLE_STRICT_OBJC_MSGSEND = YES;
				ENABLE_TESTABILITY = YES;
				GCC_C_LANGUAGE_STANDARD = gnu99;
				GCC_DYNAMIC_NO_PIC = NO;
				GCC_NO_COMMON_BLOCKS = YES;
				GCC_OPTIMIZATION_LEVEL = 0;
				GCC_PREPROCESSOR_DEFINITIONS = (
					"DEBUG=1",
					"$(inherited)",
				);
				GCC_WARN_64_TO_32_BIT_CONVERSION = YES;
				GCC_WARN_ABOUT_RETURN_TYPE = YES_ERROR;
				GCC_WARN_UNDECLARED_SELECTOR = YES;
				GCC_WARN_UNINITIALIZED_AUTOS = YES_AGGRESSIVE;
				GCC_WARN_UNUSED_FUNCTION = YES;
				GCC_WARN_UNUSED_VARIABLE = YES;
				IPHONEOS_DEPLOYMENT_TARGET = 8.0;
				MTL_ENABLE_DEBUG_INFO = YES;
				ONLY_ACTIVE_ARCH = YES;
				SDKROOT = iphoneos;
				SWIFT_ACTIVE_COMPILATION_CONDITIONS = DEBUG;
				SWIFT_OPTIMIZATION_LEVEL = "-Onone";
			};
			name = Debug;
		};
		101B6FCF1F1D457B0082B680 /* Release */ = {
			isa = XCBuildConfiguration;
			buildSettings = {
				ALWAYS_SEARCH_USER_PATHS = NO;
				CLANG_ANALYZER_NONNULL = YES;
				CLANG_ANALYZER_NUMBER_OBJECT_CONVERSION = YES_AGGRESSIVE;
				CLANG_CXX_LANGUAGE_STANDARD = "gnu++0x";
				CLANG_CXX_LIBRARY = "libc++";
				CLANG_ENABLE_MODULES = YES;
				CLANG_ENABLE_OBJC_ARC = YES;
				CLANG_WARN_BOOL_CONVERSION = YES;
				CLANG_WARN_CONSTANT_CONVERSION = YES;
				CLANG_WARN_DIRECT_OBJC_ISA_USAGE = YES_ERROR;
				CLANG_WARN_DOCUMENTATION_COMMENTS = YES;
				CLANG_WARN_EMPTY_BODY = YES;
				CLANG_WARN_ENUM_CONVERSION = YES;
				CLANG_WARN_INFINITE_RECURSION = YES;
				CLANG_WARN_INT_CONVERSION = YES;
				CLANG_WARN_OBJC_ROOT_CLASS = YES_ERROR;
				CLANG_WARN_SUSPICIOUS_MOVE = YES;
				CLANG_WARN_UNREACHABLE_CODE = YES;
				CLANG_WARN__DUPLICATE_METHOD_MATCH = YES;
				"CODE_SIGN_IDENTITY[sdk=iphoneos*]" = "iPhone Developer";
				COPY_PHASE_STRIP = NO;
				DEBUG_INFORMATION_FORMAT = "dwarf-with-dsym";
				ENABLE_NS_ASSERTIONS = NO;
				ENABLE_STRICT_OBJC_MSGSEND = YES;
				GCC_C_LANGUAGE_STANDARD = gnu99;
				GCC_NO_COMMON_BLOCKS = YES;
				GCC_WARN_64_TO_32_BIT_CONVERSION = YES;
				GCC_WARN_ABOUT_RETURN_TYPE = YES_ERROR;
				GCC_WARN_UNDECLARED_SELECTOR = YES;
				GCC_WARN_UNINITIALIZED_AUTOS = YES_AGGRESSIVE;
				GCC_WARN_UNUSED_FUNCTION = YES;
				GCC_WARN_UNUSED_VARIABLE = YES;
				IPHONEOS_DEPLOYMENT_TARGET = 8.0;
				MTL_ENABLE_DEBUG_INFO = NO;
				SDKROOT = iphoneos;
				SWIFT_OPTIMIZATION_LEVEL = "-Owholemodule";
				VALIDATE_PRODUCT = YES;
			};
			name = Release;
		};
		101B6FD11F1D457B0082B680 /* Debug */ = {
			isa = XCBuildConfiguration;
			baseConfigurationReference = A1F0571ABCC34DAB654C757C /* Pods-xPower.debug.xcconfig */;
			buildSettings = {
				ASSETCATALOG_COMPILER_APPICON_NAME = AppIcon;
				CLANG_ENABLE_MODULES = YES;
				CODE_SIGN_ENTITLEMENTS = xPower/xPower.entitlements;
				DEVELOPMENT_TEAM = ECH55NGWE4;
				INFOPLIST_FILE = xPower/Info.plist;
				IPHONEOS_DEPLOYMENT_TARGET = 8.0;
				LD_RUNPATH_SEARCH_PATHS = "$(inherited) @executable_path/Frameworks";
				PRODUCT_BUNDLE_IDENTIFIER = com.sm.xPower;
				PRODUCT_NAME = "$(TARGET_NAME)";
				SWIFT_OBJC_BRIDGING_HEADER = "xPower-Bridging-Header.h";
				SWIFT_OPTIMIZATION_LEVEL = "-Onone";
				SWIFT_VERSION = 3.0;
			};
			name = Debug;
		};
		101B6FD21F1D457B0082B680 /* Release */ = {
			isa = XCBuildConfiguration;
			baseConfigurationReference = 01C5020DDE26E913C23B60F4 /* Pods-xPower.release.xcconfig */;
			buildSettings = {
				ASSETCATALOG_COMPILER_APPICON_NAME = AppIcon;
				CLANG_ENABLE_MODULES = YES;
				CODE_SIGN_ENTITLEMENTS = xPower/xPower.entitlements;
				DEVELOPMENT_TEAM = ECH55NGWE4;
				INFOPLIST_FILE = xPower/Info.plist;
				IPHONEOS_DEPLOYMENT_TARGET = 8.0;
				LD_RUNPATH_SEARCH_PATHS = "$(inherited) @executable_path/Frameworks";
				PRODUCT_BUNDLE_IDENTIFIER = com.sm.xPower;
				PRODUCT_NAME = "$(TARGET_NAME)";
				SWIFT_OBJC_BRIDGING_HEADER = "xPower-Bridging-Header.h";
				SWIFT_VERSION = 3.0;
			};
			name = Release;
		};
/* End XCBuildConfiguration section */

/* Begin XCConfigurationList section */
		101B6FB91F1D457B0082B680 /* Build configuration list for PBXProject "xPower" */ = {
			isa = XCConfigurationList;
			buildConfigurations = (
				101B6FCE1F1D457B0082B680 /* Debug */,
				101B6FCF1F1D457B0082B680 /* Release */,
			);
			defaultConfigurationIsVisible = 0;
			defaultConfigurationName = Release;
		};
		101B6FD01F1D457B0082B680 /* Build configuration list for PBXNativeTarget "xPower" */ = {
			isa = XCConfigurationList;
			buildConfigurations = (
				101B6FD11F1D457B0082B680 /* Debug */,
				101B6FD21F1D457B0082B680 /* Release */,
			);
			defaultConfigurationIsVisible = 0;
			defaultConfigurationName = Release;
		};
/* End XCConfigurationList section */

/* Begin XCVersionGroup section */
		10C0CF071F21A75F00911A01 /* xPower.xcdatamodeld */ = {
			isa = XCVersionGroup;
			children = (
				10C0CF081F21A75F00911A01 /* xPower.xcdatamodel */,
			);
			currentVersion = 10C0CF081F21A75F00911A01 /* xPower.xcdatamodel */;
			name = xPower.xcdatamodeld;
			path = ../../../Downloads/XPower/XPower/xPower.xcdatamodeld;
			sourceTree = "<group>";
			versionGroupType = wrapper.xcdatamodel;
		};
/* End XCVersionGroup section */
	};
	rootObject = 101B6FB61F1D457B0082B680 /* Project object */;
}
