// !$*UTF8*$!
{
	archiveVersion = 1;
	classes = {
	};
	objectVersion = 46;
	objects = {

/* Begin PBXBuildFile section */
		101B6FC21F1D457B0082B680 /* AppDelegate.swift in Sources */ = {isa = PBXBuildFile; fileRef = 101B6FC11F1D457B0082B680 /* AppDelegate.swift */; };
		101B6FC41F1D457B0082B680 /* LoginViewController.swift in Sources */ = {isa = PBXBuildFile; fileRef = 101B6FC31F1D457B0082B680 /* LoginViewController.swift */; };
		101B6FC71F1D457B0082B680 /* Main.storyboard in Resources */ = {isa = PBXBuildFile; fileRef = 101B6FC51F1D457B0082B680 /* Main.storyboard */; };
		101B6FC91F1D457B0082B680 /* Assets.xcassets in Resources */ = {isa = PBXBuildFile; fileRef = 101B6FC81F1D457B0082B680 /* Assets.xcassets */; };
		101B6FCC1F1D457B0082B680 /* LaunchScreen.storyboard in Resources */ = {isa = PBXBuildFile; fileRef = 101B6FCA1F1D457B0082B680 /* LaunchScreen.storyboard */; };
		10C0CEA21F1FFFB800911A01 /* ImageViewExtension.swift in Sources */ = {isa = PBXBuildFile; fileRef = 10C0CEA11F1FFFB800911A01 /* ImageViewExtension.swift */; };
		10C0CEA41F20037B00911A01 /* WebServiceManager.swift in Sources */ = {isa = PBXBuildFile; fileRef = 10C0CEA31F20037B00911A01 /* WebServiceManager.swift */; };
		10C0CEA61F20038E00911A01 /* WebServiceFactory.swift in Sources */ = {isa = PBXBuildFile; fileRef = 10C0CEA51F20038E00911A01 /* WebServiceFactory.swift */; };
		10C0CEA81F2004AF00911A01 /* LoginModel.swift in Sources */ = {isa = PBXBuildFile; fileRef = 10C0CEA71F2004AF00911A01 /* LoginModel.swift */; };
		10C0CEAA1F20104800911A01 /* Constants.swift in Sources */ = {isa = PBXBuildFile; fileRef = 10C0CEA91F20104800911A01 /* Constants.swift */; };
		3D2FFE460BFB6C28C20449CC /* Pods_xPower.framework in Frameworks */ = {isa = PBXBuildFile; fileRef = 0BD38B51BF39A63186F559C5 /* Pods_xPower.framework */; };
/* End PBXBuildFile section */

/* Begin PBXFileReference section */
		01C5020DDE26E913C23B60F4 /* Pods-xPower.release.xcconfig */ = {isa = PBXFileReference; includeInIndex = 1; lastKnownFileType = text.xcconfig; name = "Pods-xPower.release.xcconfig"; path = "Pods/Target Support Files/Pods-xPower/Pods-xPower.release.xcconfig"; sourceTree = "<group>"; };
		0BD38B51BF39A63186F559C5 /* Pods_xPower.framework */ = {isa = PBXFileReference; explicitFileType = wrapper.framework; includeInIndex = 0; path = Pods_xPower.framework; sourceTree = BUILT_PRODUCTS_DIR; };
		101B6FBE1F1D457B0082B680 /* xPower.app */ = {isa = PBXFileReference; explicitFileType = wrapper.application; includeInIndex = 0; path = xPower.app; sourceTree = BUILT_PRODUCTS_DIR; };
		101B6FC11F1D457B0082B680 /* AppDelegate.swift */ = {isa = PBXFileReference; lastKnownFileType = sourcecode.swift; path = AppDelegate.swift; sourceTree = "<group>"; };
		101B6FC31F1D457B0082B680 /* LoginViewController.swift */ = {isa = PBXFileReference; lastKnownFileType = sourcecode.swift; path = LoginViewController.swift; sourceTree = "<group>"; };
		101B6FC61F1D457B0082B680 /* Base */ = {isa = PBXFileReference; lastKnownFileType = file.storyboard; name = Base; path = Base.lproj/Main.storyboard; sourceTree = "<group>"; };
		101B6FC81F1D457B0082B680 /* Assets.xcassets */ = {isa = PBXFileReference; lastKnownFileType = folder.assetcatalog; path = Assets.xcassets; sourceTree = "<group>"; };
		101B6FCB1F1D457B0082B680 /* Base */ = {isa = PBXFileReference; lastKnownFileType = file.storyboard; name = Base; path = Base.lproj/LaunchScreen.storyboard; sourceTree = "<group>"; };
		101B6FCD1F1D457B0082B680 /* Info.plist */ = {isa = PBXFileReference; lastKnownFileType = text.plist.xml; path = Info.plist; sourceTree = "<group>"; };
		10C0CEA11F1FFFB800911A01 /* ImageViewExtension.swift */ = {isa = PBXFileReference; fileEncoding = 4; lastKnownFileType = sourcecode.swift; name = ImageViewExtension.swift; path = xPower/ImageViewExtension.swift; sourceTree = "<group>"; };
		10C0CEA31F20037B00911A01 /* WebServiceManager.swift */ = {isa = PBXFileReference; fileEncoding = 4; lastKnownFileType = sourcecode.swift; path = WebServiceManager.swift; sourceTree = "<group>"; };
		10C0CEA51F20038E00911A01 /* WebServiceFactory.swift */ = {isa = PBXFileReference; fileEncoding = 4; lastKnownFileType = sourcecode.swift; path = WebServiceFactory.swift; sourceTree = "<group>"; };
		10C0CEA71F2004AF00911A01 /* LoginModel.swift */ = {isa = PBXFileReference; fileEncoding = 4; lastKnownFileType = sourcecode.swift; path = LoginModel.swift; sourceTree = "<group>"; };
		10C0CEA91F20104800911A01 /* Constants.swift */ = {isa = PBXFileReference; fileEncoding = 4; lastKnownFileType = sourcecode.swift; name = Constants.swift; path = xPower/Constants.swift; sourceTree = "<group>"; };
		A1F0571ABCC34DAB654C757C /* Pods-xPower.debug.xcconfig */ = {isa = PBXFileReference; includeInIndex = 1; lastKnownFileType = text.xcconfig; name = "Pods-xPower.debug.xcconfig"; path = "Pods/Target Support Files/Pods-xPower/Pods-xPower.debug.xcconfig"; sourceTree = "<group>"; };
/* End PBXFileReference section */

/* Begin PBXFrameworksBuildPhase section */
		101B6FBB1F1D457B0082B680 /* Frameworks */ = {
			isa = PBXFrameworksBuildPhase;
			buildActionMask = 2147483647;
			files = (
				3D2FFE460BFB6C28C20449CC /* Pods_xPower.framework in Frameworks */,
			);
			runOnlyForDeploymentPostprocessing = 0;
		};
/* End PBXFrameworksBuildPhase section */

/* Begin PBXGroup section */
		101B6FB51F1D457B0082B680 = {
			isa = PBXGroup;
			children = (
				10C0CEA91F20104800911A01 /* Constants.swift */,
				10C0CEA71F2004AF00911A01 /* LoginModel.swift */,
				10C0CEA51F20038E00911A01 /* WebServiceFactory.swift */,
				10C0CEA31F20037B00911A01 /* WebServiceManager.swift */,
				10C0CEA11F1FFFB800911A01 /* ImageViewExtension.swift */,
				101B6FC01F1D457B0082B680 /* xPower */,
				101B6FBF1F1D457B0082B680 /* Products */,
				3BAA4E707E98BFE17F4C8A8D /* Pods */,
				291D0490E5725D4803D46C61 /* Frameworks */,
			);
			sourceTree = "<group>";
		};
		101B6FBF1F1D457B0082B680 /* Products */ = {
			isa = PBXGroup;
			children = (
				101B6FBE1F1D457B0082B680 /* xPower.app */,
			);
			name = Products;
			sourceTree = "<group>";
		};
		101B6FC01F1D457B0082B680 /* xPower */ = {
			isa = PBXGroup;
			children = (
				101B6FC11F1D457B0082B680 /* AppDelegate.swift */,
				101B6FC31F1D457B0082B680 /* LoginViewController.swift */,
				101B6FC51F1D457B0082B680 /* Main.storyboard */,
				101B6FC81F1D457B0082B680 /* Assets.xcassets */,
				101B6FCA1F1D457B0082B680 /* LaunchScreen.storyboard */,
				101B6FCD1F1D457B0082B680 /* Info.plist */,
			);
			path = xPower;
			sourceTree = "<group>";
		};
		291D0490E5725D4803D46C61 /* Frameworks */ = {
			isa = PBXGroup;
			children = (
				0BD38B51BF39A63186F559C5 /* Pods_xPower.framework */,
			);
			name = Frameworks;
			sourceTree = "<group>";
		};
		3BAA4E707E98BFE17F4C8A8D /* Pods */ = {
			isa = PBXGroup;
			children = (
				A1F0571ABCC34DAB654C757C /* Pods-xPower.debug.xcconfig */,
				01C5020DDE26E913C23B60F4 /* Pods-xPower.release.xcconfig */,
			);
			name = Pods;
			sourceTree = "<group>";
		};
/* End PBXGroup section */

/* Begin PBXNativeTarget section */
		101B6FBD1F1D457B0082B680 /* xPower */ = {
			isa = PBXNativeTarget;
			buildConfigurationList = 101B6FD01F1D457B0082B680 /* Build configuration list for PBXNativeTarget "xPower" */;
			buildPhases = (
				69021480ECD8BA1C9A2B3BEF /* [CP] Check Pods Manifest.lock */,
				101B6FBA1F1D457B0082B680 /* Sources */,
				101B6FBB1F1D457B0082B680 /* Frameworks */,
				101B6FBC1F1D457B0082B680 /* Resources */,
				73C70E4C6EC0EE8EFF9B2815 /* [CP] Embed Pods Frameworks */,
				CA45CA3113425B9C97B1DB74 /* [CP] Copy Pods Resources */,
			);
			buildRules = (
			);
			dependencies = (
			);
			name = xPower;
			productName = xPower;
			productReference = 101B6FBE1F1D457B0082B680 /* xPower.app */;
			productType = "com.apple.product-type.application";
		};
/* End PBXNativeTarget section */

/* Begin PBXProject section */
		101B6FB61F1D457B0082B680 /* Project object */ = {
			isa = PBXProject;
			attributes = {
				LastSwiftUpdateCheck = 0830;
				LastUpgradeCheck = 0830;
				ORGANIZATIONNAME = "Software Merchant";
				TargetAttributes = {
					101B6FBD1F1D457B0082B680 = {
						CreatedOnToolsVersion = 8.3;
						ProvisioningStyle = Automatic;
					};
				};
			};
			buildConfigurationList = 101B6FB91F1D457B0082B680 /* Build configuration list for PBXProject "xPower" */;
			compatibilityVersion = "Xcode 3.2";
			developmentRegion = English;
			hasScannedForEncodings = 0;
			knownRegions = (
				en,
				Base,
			);
			mainGroup = 101B6FB51F1D457B0082B680;
			productRefGroup = 101B6FBF1F1D457B0082B680 /* Products */;
			projectDirPath = "";
			projectRoot = "";
			targets = (
				101B6FBD1F1D457B0082B680 /* xPower */,
			);
		};
/* End PBXProject section */

/* Begin PBXResourcesBuildPhase section */
		101B6FBC1F1D457B0082B680 /* Resources */ = {
			isa = PBXResourcesBuildPhase;
			buildActionMask = 2147483647;
			files = (
				101B6FCC1F1D457B0082B680 /* LaunchScreen.storyboard in Resources */,
				101B6FC91F1D457B0082B680 /* Assets.xcassets in Resources */,
				101B6FC71F1D457B0082B680 /* Main.storyboard in Resources */,
			);
			runOnlyForDeploymentPostprocessing = 0;
		};
/* End PBXResourcesBuildPhase section */

/* Begin PBXShellScriptBuildPhase section */
		69021480ECD8BA1C9A2B3BEF /* [CP] Check Pods Manifest.lock */ = {
			isa = PBXShellScriptBuildPhase;
			buildActionMask = 2147483647;
			files = (
			);
			inputPaths = (
			);
			name = "[CP] Check Pods Manifest.lock";
			outputPaths = (
			);
			runOnlyForDeploymentPostprocessing = 0;
			shellPath = /bin/sh;
			shellScript = "diff \"${PODS_PODFILE_DIR_PATH}/Podfile.lock\" \"${PODS_ROOT}/Manifest.lock\" > /dev/null\nif [ $? != 0 ] ; then\n    # print error to STDERR\n    echo \"error: The sandbox is not in sync with the Podfile.lock. Run 'pod install' or update your CocoaPods installation.\" >&2\n    exit 1\nfi\n";
			showEnvVarsInLog = 0;
		};
		73C70E4C6EC0EE8EFF9B2815 /* [CP] Embed Pods Frameworks */ = {
			isa = PBXShellScriptBuildPhase;
			buildActionMask = 2147483647;
			files = (
			);
			inputPaths = (
			);
			name = "[CP] Embed Pods Frameworks";
			outputPaths = (
			);
			runOnlyForDeploymentPostprocessing = 0;
			shellPath = /bin/sh;
			shellScript = "\"${SRCROOT}/Pods/Target Support Files/Pods-xPower/Pods-xPower-frameworks.sh\"\n";
			showEnvVarsInLog = 0;
		};
		CA45CA3113425B9C97B1DB74 /* [CP] Copy Pods Resources */ = {
			isa = PBXShellScriptBuildPhase;
			buildActionMask = 2147483647;
			files = (
			);
			inputPaths = (
			);
			name = "[CP] Copy Pods Resources";
			outputPaths = (
			);
			runOnlyForDeploymentPostprocessing = 0;
			shellPath = /bin/sh;
			shellScript = "\"${SRCROOT}/Pods/Target Support Files/Pods-xPower/Pods-xPower-resources.sh\"\n";
			showEnvVarsInLog = 0;
		};
/* End PBXShellScriptBuildPhase section */

/* Begin PBXSourcesBuildPhase section */
		101B6FBA1F1D457B0082B680 /* Sources */ = {
			isa = PBXSourcesBuildPhase;
			buildActionMask = 2147483647;
			files = (
				10C0CEA41F20037B00911A01 /* WebServiceManager.swift in Sources */,
				10C0CEA81F2004AF00911A01 /* LoginModel.swift in Sources */,
				101B6FC41F1D457B0082B680 /* LoginViewController.swift in Sources */,
				10C0CEA61F20038E00911A01 /* WebServiceFactory.swift in Sources */,
				10C0CEAA1F20104800911A01 /* Constants.swift in Sources */,
				10C0CEA21F1FFFB800911A01 /* ImageViewExtension.swift in Sources */,
				101B6FC21F1D457B0082B680 /* AppDelegate.swift in Sources */,
			);
			runOnlyForDeploymentPostprocessing = 0;
		};
/* End PBXSourcesBuildPhase section */

/* Begin PBXVariantGroup section */
		101B6FC51F1D457B0082B680 /* Main.storyboard */ = {
			isa = PBXVariantGroup;
			children = (
				101B6FC61F1D457B0082B680 /* Base */,
			);
			name = Main.storyboard;
			sourceTree = "<group>";
		};
		101B6FCA1F1D457B0082B680 /* LaunchScreen.storyboard */ = {
			isa = PBXVariantGroup;
			children = (
				101B6FCB1F1D457B0082B680 /* Base */,
			);
			name = LaunchScreen.storyboard;
			sourceTree = "<group>";
		};
/* End PBXVariantGroup section */

/* Begin XCBuildConfiguration section */
		101B6FCE1F1D457B0082B680 /* Debug */ = {
			isa = XCBuildConfiguration;
			buildSettings = {
				ALWAYS_SEARCH_USER_PATHS = NO;
				CLANG_ANALYZER_NONNULL = YES;
				CLANG_ANALYZER_NUMBER_OBJECT_CONVERSION = YES_AGGRESSIVE;
				CLANG_CXX_LANGUAGE_STANDARD = "gnu++0x";
				CLANG_CXX_LIBRARY = "libc++";
				CLANG_ENABLE_MODULES = YES;
				CLANG_ENABLE_OBJC_ARC = YES;
				CLANG_WARN_BOOL_CONVERSION = YES;
				CLANG_WARN_CONSTANT_CONVERSION = YES;
				CLANG_WARN_DIRECT_OBJC_ISA_USAGE = YES_ERROR;
				CLANG_WARN_DOCUMENTATION_COMMENTS = YES;
				CLANG_WARN_EMPTY_BODY = YES;
				CLANG_WARN_ENUM_CONVERSION = YES;
				CLANG_WARN_INFINITE_RECURSION = YES;
				CLANG_WARN_INT_CONVERSION = YES;
				CLANG_WARN_OBJC_ROOT_CLASS = YES_ERROR;
				CLANG_WARN_SUSPICIOUS_MOVE = YES;
				CLANG_WARN_UNREACHABLE_CODE = YES;
				CLANG_WARN__DUPLICATE_METHOD_MATCH = YES;
				"CODE_SIGN_IDENTITY[sdk=iphoneos*]" = "iPhone Developer";
				COPY_PHASE_STRIP = NO;
				DEBUG_INFORMATION_FORMAT = dwarf;
				ENABLE_STRICT_OBJC_MSGSEND = YES;
				ENABLE_TESTABILITY = YES;
				GCC_C_LANGUAGE_STANDARD = gnu99;
				GCC_DYNAMIC_NO_PIC = NO;
				GCC_NO_COMMON_BLOCKS = YES;
				GCC_OPTIMIZATION_LEVEL = 0;
				GCC_PREPROCESSOR_DEFINITIONS = (
					"DEBUG=1",
					"$(inherited)",
				);
				GCC_WARN_64_TO_32_BIT_CONVERSION = YES;
				GCC_WARN_ABOUT_RETURN_TYPE = YES_ERROR;
				GCC_WARN_UNDECLARED_SELECTOR = YES;
				GCC_WARN_UNINITIALIZED_AUTOS = YES_AGGRESSIVE;
				GCC_WARN_UNUSED_FUNCTION = YES;
				GCC_WARN_UNUSED_VARIABLE = YES;
				IPHONEOS_DEPLOYMENT_TARGET = 8.0;
				MTL_ENABLE_DEBUG_INFO = YES;
				ONLY_ACTIVE_ARCH = YES;
				SDKROOT = iphoneos;
				SWIFT_ACTIVE_COMPILATION_CONDITIONS = DEBUG;
				SWIFT_OPTIMIZATION_LEVEL = "-Onone";
			};
			name = Debug;
		};
		101B6FCF1F1D457B0082B680 /* Release */ = {
			isa = XCBuildConfiguration;
			buildSettings = {
				ALWAYS_SEARCH_USER_PATHS = NO;
				CLANG_ANALYZER_NONNULL = YES;
				CLANG_ANALYZER_NUMBER_OBJECT_CONVERSION = YES_AGGRESSIVE;
				CLANG_CXX_LANGUAGE_STANDARD = "gnu++0x";
				CLANG_CXX_LIBRARY = "libc++";
				CLANG_ENABLE_MODULES = YES;
				CLANG_ENABLE_OBJC_ARC = YES;
				CLANG_WARN_BOOL_CONVERSION = YES;
				CLANG_WARN_CONSTANT_CONVERSION = YES;
				CLANG_WARN_DIRECT_OBJC_ISA_USAGE = YES_ERROR;
				CLANG_WARN_DOCUMENTATION_COMMENTS = YES;
				CLANG_WARN_EMPTY_BODY = YES;
				CLANG_WARN_ENUM_CONVERSION = YES;
				CLANG_WARN_INFINITE_RECURSION = YES;
				CLANG_WARN_INT_CONVERSION = YES;
				CLANG_WARN_OBJC_ROOT_CLASS = YES_ERROR;
				CLANG_WARN_SUSPICIOUS_MOVE = YES;
				CLANG_WARN_UNREACHABLE_CODE = YES;
				CLANG_WARN__DUPLICATE_METHOD_MATCH = YES;
				"CODE_SIGN_IDENTITY[sdk=iphoneos*]" = "iPhone Developer";
				COPY_PHASE_STRIP = NO;
				DEBUG_INFORMATION_FORMAT = "dwarf-with-dsym";
				ENABLE_NS_ASSERTIONS = NO;
				ENABLE_STRICT_OBJC_MSGSEND = YES;
				GCC_C_LANGUAGE_STANDARD = gnu99;
				GCC_NO_COMMON_BLOCKS = YES;
				GCC_WARN_64_TO_32_BIT_CONVERSION = YES;
				GCC_WARN_ABOUT_RETURN_TYPE = YES_ERROR;
				GCC_WARN_UNDECLARED_SELECTOR = YES;
				GCC_WARN_UNINITIALIZED_AUTOS = YES_AGGRESSIVE;
				GCC_WARN_UNUSED_FUNCTION = YES;
				GCC_WARN_UNUSED_VARIABLE = YES;
				IPHONEOS_DEPLOYMENT_TARGET = 8.0;
				MTL_ENABLE_DEBUG_INFO = NO;
				SDKROOT = iphoneos;
				SWIFT_OPTIMIZATION_LEVEL = "-Owholemodule";
				VALIDATE_PRODUCT = YES;
			};
			name = Release;
		};
		101B6FD11F1D457B0082B680 /* Debug */ = {
			isa = XCBuildConfiguration;
			baseConfigurationReference = A1F0571ABCC34DAB654C757C /* Pods-xPower.debug.xcconfig */;
			buildSettings = {
				ASSETCATALOG_COMPILER_APPICON_NAME = AppIcon;
				INFOPLIST_FILE = xPower/Info.plist;
				IPHONEOS_DEPLOYMENT_TARGET = 8.0;
				LD_RUNPATH_SEARCH_PATHS = "$(inherited) @executable_path/Frameworks";
				PRODUCT_BUNDLE_IDENTIFIER = com.sm.xPower;
				PRODUCT_NAME = "$(TARGET_NAME)";
				SWIFT_VERSION = 3.0;
			};
			name = Debug;
		};
		101B6FD21F1D457B0082B680 /* Release */ = {
			isa = XCBuildConfiguration;
			baseConfigurationReference = 01C5020DDE26E913C23B60F4 /* Pods-xPower.release.xcconfig */;
			buildSettings = {
				ASSETCATALOG_COMPILER_APPICON_NAME = AppIcon;
				INFOPLIST_FILE = xPower/Info.plist;
				IPHONEOS_DEPLOYMENT_TARGET = 8.0;
				LD_RUNPATH_SEARCH_PATHS = "$(inherited) @executable_path/Frameworks";
				PRODUCT_BUNDLE_IDENTIFIER = com.sm.xPower;
				PRODUCT_NAME = "$(TARGET_NAME)";
				SWIFT_VERSION = 3.0;
			};
			name = Release;
		};
/* End XCBuildConfiguration section */

/* Begin XCConfigurationList section */
		101B6FB91F1D457B0082B680 /* Build configuration list for PBXProject "xPower" */ = {
			isa = XCConfigurationList;
			buildConfigurations = (
				101B6FCE1F1D457B0082B680 /* Debug */,
				101B6FCF1F1D457B0082B680 /* Release */,
			);
			defaultConfigurationIsVisible = 0;
			defaultConfigurationName = Release;
		};
		101B6FD01F1D457B0082B680 /* Build configuration list for PBXNativeTarget "xPower" */ = {
			isa = XCConfigurationList;
			buildConfigurations = (
				101B6FD11F1D457B0082B680 /* Debug */,
				101B6FD21F1D457B0082B680 /* Release */,
			);
			defaultConfigurationIsVisible = 0;
			defaultConfigurationName = Release;
		};
/* End XCConfigurationList section */
	};
	rootObject = 101B6FB61F1D457B0082B680 /* Project object */;
}
